
Microsoft Visual Studio Solution File, Format Version 12.00
# Visual Studio 15
Project("{FAE04EC0-301F-11D3-BF4B-00C04F79EFBC}") = "Assembly-CSharp", "Assembly-CSharp.csproj", "{049F9EF6-C4A9-064F-4F80-007C7A055B93}"
EndProject
Project("{FAE04EC0-301F-11D3-BF4B-00C04F79EFBC}") = "Assembly-CSharp-Editor-firstpass", "Assembly-CSharp-Editor-firstpass.csproj", "{CCAE48B4-3FC3-96E5-69C6-C69C3BCC3449}"
EndProject
Global
	GlobalSection(SolutionConfigurationPlatforms) = preSolution
		Debug|Any CPU = Debug|Any CPU
		Release|Any CPU = Release|Any CPU
	EndGlobalSection
	GlobalSection(ProjectConfigurationPlatforms) = postSolution
		{049F9EF6-C4A9-064F-4F80-007C7A055B93}.Debug|Any CPU.ActiveCfg = Debug|Any CPU
		{049F9EF6-C4A9-064F-4F80-007C7A055B93}.Debug|Any CPU.Build.0 = Debug|Any CPU
		{049F9EF6-C4A9-064F-4F80-007C7A055B93}.Release|Any CPU.ActiveCfg = Release|Any CPU
		{049F9EF6-C4A9-064F-4F80-007C7A055B93}.Release|Any CPU.Build.0 = Release|Any CPU
		{CCAE48B4-3FC3-96E5-69C6-C69C3BCC3449}.Debug|Any CPU.ActiveCfg = Debug|Any CPU
		{CCAE48B4-3FC3-96E5-69C6-C69C3BCC3449}.Debug|Any CPU.Build.0 = Debug|Any CPU
		{CCAE48B4-3FC3-96E5-69C6-C69C3BCC3449}.Release|Any CPU.ActiveCfg = Release|Any CPU
		{CCAE48B4-3FC3-96E5-69C6-C69C3BCC3449}.Release|Any CPU.Build.0 = Release|Any CPU
	EndGlobalSection
	GlobalSection(SolutionProperties) = preSolution
		HideSolutionNode = FALSE
	EndGlobalSection
EndGlobal
